
Microsoft Visual Studio Solution File, Format Version 12.00
# Visual Studio Version 17
VisualStudioVersion = 17.9.34622.214
MinimumVisualStudioVersion = 10.0.40219.1
Project("{9A19103F-16F7-4668-BE54-9A1E7A4F7556}") = "Dto", "Dto\Dto.csproj", "{D45F3C4B-5213-455B-AADC-0D0A9B6A14C1}"
EndProject
Project("{9A19103F-16F7-4668-BE54-9A1E7A4F7556}") = "Bll", "Bll\Bll.csproj", "{AF7BC2DB-0093-4AF6-A8E3-704C6AD1CE91}"
EndProject
Project("{9A19103F-16F7-4668-BE54-9A1E7A4F7556}") = "Dal", "Dal\Dal.csproj", "{9763DF9D-BC0A-4F69-83C8-8F22C1F712C8}"
EndProject
Project("{FAE04EC0-301F-11D3-BF4B-00C04F79EFBC}") = "WebApplication", "WebApplication\WebApplication.csproj", "{75A4A7B0-8E9A-4019-918A-FCA34EFA3BCA}"
EndProject
Global
	GlobalSection(SolutionConfigurationPlatforms) = preSolution
		Debug|Any CPU = Debug|Any CPU
		Release|Any CPU = Release|Any CPU
	EndGlobalSection
	GlobalSection(ProjectConfigurationPlatforms) = postSolution
		{D45F3C4B-5213-455B-AADC-0D0A9B6A14C1}.Debug|Any CPU.ActiveCfg = Debug|Any CPU
		{D45F3C4B-5213-455B-AADC-0D0A9B6A14C1}.Debug|Any CPU.Build.0 = Debug|Any CPU
		{D45F3C4B-5213-455B-AADC-0D0A9B6A14C1}.Release|Any CPU.ActiveCfg = Release|Any CPU
		{D45F3C4B-5213-455B-AADC-0D0A9B6A14C1}.Release|Any CPU.Build.0 = Release|Any CPU
		{AF7BC2DB-0093-4AF6-A8E3-704C6AD1CE91}.Debug|Any CPU.ActiveCfg = Debug|Any CPU
		{AF7BC2DB-0093-4AF6-A8E3-704C6AD1CE91}.Debug|Any CPU.Build.0 = Debug|Any CPU
		{AF7BC2DB-0093-4AF6-A8E3-704C6AD1CE91}.Release|Any CPU.ActiveCfg = Release|Any CPU
		{AF7BC2DB-0093-4AF6-A8E3-704C6AD1CE91}.Release|Any CPU.Build.0 = Release|Any CPU
		{9763DF9D-BC0A-4F69-83C8-8F22C1F712C8}.Debug|Any CPU.ActiveCfg = Debug|Any CPU
		{9763DF9D-BC0A-4F69-83C8-8F22C1F712C8}.Debug|Any CPU.Build.0 = Debug|Any CPU
		{9763DF9D-BC0A-4F69-83C8-8F22C1F712C8}.Release|Any CPU.ActiveCfg = Release|Any CPU
		{9763DF9D-BC0A-4F69-83C8-8F22C1F712C8}.Release|Any CPU.Build.0 = Release|Any CPU
		{75A4A7B0-8E9A-4019-918A-FCA34EFA3BCA}.Debug|Any CPU.ActiveCfg = Debug|Any CPU
		{75A4A7B0-8E9A-4019-918A-FCA34EFA3BCA}.Debug|Any CPU.Build.0 = Debug|Any CPU
		{75A4A7B0-8E9A-4019-918A-FCA34EFA3BCA}.Release|Any CPU.ActiveCfg = Release|Any CPU
		{75A4A7B0-8E9A-4019-918A-FCA34EFA3BCA}.Release|Any CPU.Build.0 = Release|Any CPU
	EndGlobalSection
	GlobalSection(SolutionProperties) = preSolution
		HideSolutionNode = FALSE
	EndGlobalSection
	GlobalSection(ExtensibilityGlobals) = postSolution
		SolutionGuid = {EA6B83B6-08E2-4977-ABE0-99111458CE39}
	EndGlobalSection
EndGlobal
